
Microsoft Visual Studio Solution File, Format Version 12.00
# Visual Studio Version 17
VisualStudioVersion = 17.5.002.0
MinimumVisualStudioVersion = 10.0.40219.1
Project("{9A19103F-16F7-4668-BE54-9A1E7A4F7556}") = "MeetingApp", "MeetingApp.csproj", "{DABCD265-9380-474F-8853-5B7AA5DF957B}"
EndProject
Global
	GlobalSection(SolutionConfigurationPlatforms) = preSolution
		Debug|Any CPU = Debug|Any CPU
		Release|Any CPU = Release|Any CPU
	EndGlobalSection
	GlobalSection(ProjectConfigurationPlatforms) = postSolution
		{DABCD265-9380-474F-8853-5B7AA5DF957B}.Debug|Any CPU.ActiveCfg = Debug|Any CPU
		{DABCD265-9380-474F-8853-5B7AA5DF957B}.Debug|Any CPU.Build.0 = Debug|Any CPU
		{DABCD265-9380-474F-8853-5B7AA5DF957B}.Release|Any CPU.ActiveCfg = Release|Any CPU
		{DABCD265-9380-474F-8853-5B7AA5DF957B}.Release|Any CPU.Build.0 = Release|Any CPU
	EndGlobalSection
	GlobalSection(SolutionProperties) = preSolution
		HideSolutionNode = FALSE
	EndGlobalSection
	GlobalSection(ExtensibilityGlobals) = postSolution
		SolutionGuid = {1DB323E8-7001-4628-92DA-DD1A172D8406}
	EndGlobalSection
EndGlobal
